langcode: en
status: true
dependencies:
  module:
    - alshaya_social
    - system
  theme:
    - alshaya_white_label
id: alshayasocialloginblock
theme: alshaya_white_label
region: content
weight: 29
provider: null
plugin: alshaya_social_login
settings:
  id: alshaya_social_login
  label: 'Alshaya Social Login Block'
  provider: alshaya_social
  label_display: '0'
visibility:
  request_path:
    id: request_path
    pages: "/user/login\r\n/user/register"
    negate: false
    context_mapping: {  }
