langcode: en
status: true
dependencies:
  content:
    - 'block_content:basic:03c1357c-dd96-4854-8cff-f298a9332bbc'
  module:
   - block_content
  theme:
    - alshaya_new_balance
id: nbfooterlogoblock
theme: alshaya_new_balance
region: footer_primary
weight: -44
provider: null
plugin: 'block_content:03c1357c-dd96-4854-8cff-f298a9332bbc'
settings:
  id: 'block_content:03c1357c-dd96-4854-8cff-f298a9332bbc'
  label: 'NB Footer Logo Block'
  label_display: '0'
  provider: block_content
  status: true
  info: ''
  view_mode: full
visibility: { }
