langcode: en
status: true
dependencies:
  enforced:
    module:
      - google_page_speed
id: googlepagespeedblock
theme: seven
region: content
weight: 10
provider: null
plugin: googlepagespeedblock
settings:
  id: googlepagespeedblock
  label: 'Google Page Speed Block'
  provider: google_page_speed
  label_display: '0'
visibility:
  request_path:
    id: request_path
    pages: /admin/config/system/google-page-speed/chart
    negate: false
