langcode: en
status: true
dependencies:
  module:
    - alshaya_user
    - system
id: alshayasignupsigninbuttonsblock
theme: alshaya_white_label
region: content
weight: 30
provider: null
plugin: alshaya_signup_signin_buttons
settings:
  id: alshaya_signup_signin_buttons
  label: 'Alshaya Sign Up Sign In Buttons Block'
  provider: alshaya_user
  label_display: '0'
visibility:
  request_path:
    id: request_path
    pages: "/user/login\r\n/user/register"
    negate: false
    context_mapping: {  }
