langcode: en
status: true
dependencies:
  config:
    - field.storage.node.field_block
    - node.type.advanced_page
    - paragraphs.paragraphs_type.block_reference
  module:
    - entity_reference_revisions
id: node.advanced_page.field_block
field_name: field_block
entity_type: node
bundle: advanced_page
label: Block
description: ''
required: false
translatable: false
default_value: {  }
default_value_callback: ''
settings:
  handler: 'default:paragraph'
  handler_settings:
    target_bundles:
      block_reference: block_reference
    target_bundles_drag_drop:
      block_reference:
        enabled: true
        weight: 17
      1_row_1_col:
        weight: 18
        enabled: false
      1_row_1_col_dept:
        weight: 19
        enabled: false
      1_row_1st_col_2_row_2nd_col:
        weight: 20
        enabled: false
      1_row_2_col_1_2_dept:
        weight: 21
        enabled: false
      1_row_2_col_2_1_dept:
        weight: 22
        enabled: false
      1_row_2_col_dept:
        weight: 23
        enabled: false
      1_row_3_col:
        weight: 24
        enabled: false
      1_row_3_col_delivery_banner:
        weight: 25
        enabled: false
      1_row_3_col_dept:
        weight: 26
        enabled: false
      1_row_3_col_text:
        weight: 27
        enabled: false
      banner:
        weight: 28
        enabled: false
      banner_full_width:
        weight: 29
        enabled: false
      promo_block:
        weight: 30
        enabled: false
      promo_block_text:
        weight: 31
        enabled: false
      related_info_one_column:
        weight: 32
        enabled: false
field_type: entity_reference_revisions
