langcode: en
status: true
dependencies:
  module:
    - alshaya_acm_checkout
    - system
  theme:
    - alshaya_white_label
id: checkoutsummaryblock
theme: alshaya_white_label
region: sidebar_second
weight: 0
provider: alshaya_acm_checkout
plugin: checkout_summary_block
settings:
  id: checkout_summary_block
  label: 'Checkout Summary Block'
  provider: alshaya_acm_checkout
  label_display: '0'
visibility:
  request_path:
    id: request_path
    pages: '/cart/checkout*'
    negate: false
    context_mapping: {  }
