langcode: en
status: true
dependencies:
  content:
    - 'block_content:basic:94546c90-1932-4cf4-b8c6-4539d8b9af17'
  module:
   - block_content
  theme:
    - alshaya_new_balance
id: nbfooterlogoblock
theme: alshaya_new_balance
region: footer_primary
weight: -44
provider: null
plugin: 'block_content:94546c90-1932-4cf4-b8c6-4539d8b9af17'
settings:
  id: 'block_content:94546c90-1932-4cf4-b8c6-4539d8b9af17'
  label: 'NB Footer Logo Block'
  label_display: '0'
  provider: block_content
  status: true
  info: ''
  view_mode: full
visibility: { }
