langcode: en
status: true
dependencies:
  module:
    - acq_cart
    - system
  theme:
    - alshaya_white_label
id: cartblock
theme: alshaya_white_label
region: sidebar_second
weight: 0
provider: null
plugin: cart_block
settings:
  id: cart_block
  label: 'Cart block'
  provider: acq_cart
  label_display: '0'
visibility:
  request_path:
    id: request_path
    pages: '/cart/checkout/*'
    negate: false
    context_mapping: {  }
