langcode: en
status: true
dependencies:
  module:
    - acq_cart
  theme:
    - alshaya_white_label
id: cartminiblock
theme: alshaya_white_label
region: header
weight: 7
provider: null
plugin: cart_mini_block
settings:
  id: cart_mini_block
  label: 'Cart mini block'
  provider: acq_cart
  label_display: '0'
visibility: {  }
